// !$*UTF8*$!
{
	archiveVersion = 1;
	classes = {
	};
	objectVersion = 56;
	objects = {

/* Begin PBXBuildFile section */
		9A406D8977C021921D8581D5 /* Pods_Arquiteturas.framework in Frameworks */ = {isa = PBXBuildFile; fileRef = 1B562390D2CB0AD3A6D71C63 /* Pods_Arquiteturas.framework */; };
		FA01C2722A3957CD00B48B4F /* AppDelegate.swift in Sources */ = {isa = PBXBuildFile; fileRef = FA01C2712A3957CD00B48B4F /* AppDelegate.swift */; };
		FA01C2742A3957CD00B48B4F /* SceneDelegate.swift in Sources */ = {isa = PBXBuildFile; fileRef = FA01C2732A3957CD00B48B4F /* SceneDelegate.swift */; };
		FA01C2762A3957CD00B48B4F /* ViewController.swift in Sources */ = {isa = PBXBuildFile; fileRef = FA01C2752A3957CD00B48B4F /* ViewController.swift */; };
		FA01C2792A3957CD00B48B4F /* Main.storyboard in Resources */ = {isa = PBXBuildFile; fileRef = FA01C2772A3957CD00B48B4F /* Main.storyboard */; };
		FA01C27B2A3957CE00B48B4F /* Assets.xcassets in Resources */ = {isa = PBXBuildFile; fileRef = FA01C27A2A3957CE00B48B4F /* Assets.xcassets */; };
		FA01C27E2A3957CE00B48B4F /* LaunchScreen.storyboard in Resources */ = {isa = PBXBuildFile; fileRef = FA01C27C2A3957CE00B48B4F /* LaunchScreen.storyboard */; };
		FA8E2CCA2A4F550D0064F997 /* Constants.swif.swift in Sources */ = {isa = PBXBuildFile; fileRef = FA8E2CC92A4F550D0064F997 /* Constants.swif.swift */; };
		FA8E2CCC2A521B880064F997 /* UserBusiness.swift in Sources */ = {isa = PBXBuildFile; fileRef = FA8E2CCB2A521B880064F997 /* UserBusiness.swift */; };
		FAAC663A2A536242006B4B4C /* UserManager.swift in Sources */ = {isa = PBXBuildFile; fileRef = FAAC66392A536242006B4B4C /* UserManager.swift */; };
		FAB54D6E2A428EC100D43EC2 /* UserProvider.swift in Sources */ = {isa = PBXBuildFile; fileRef = FAB54D6D2A428EC100D43EC2 /* UserProvider.swift */; };
		FAB54D712A428FA000D43EC2 /* UserModel.swift in Sources */ = {isa = PBXBuildFile; fileRef = FAB54D702A428FA000D43EC2 /* UserModel.swift */; };
/* End PBXBuildFile section */

/* Begin PBXFileReference section */
		1B562390D2CB0AD3A6D71C63 /* Pods_Arquiteturas.framework */ = {isa = PBXFileReference; explicitFileType = wrapper.framework; includeInIndex = 0; path = Pods_Arquiteturas.framework; sourceTree = BUILT_PRODUCTS_DIR; };
		3FA11649F3B47EEDC0DC67A5 /* Pods-Arquiteturas.release.xcconfig */ = {isa = PBXFileReference; includeInIndex = 1; lastKnownFileType = text.xcconfig; name = "Pods-Arquiteturas.release.xcconfig"; path = "Target Support Files/Pods-Arquiteturas/Pods-Arquiteturas.release.xcconfig"; sourceTree = "<group>"; };
		8353827F663FA8EDDB28E848 /* Pods-Arquiteturas.debug.xcconfig */ = {isa = PBXFileReference; includeInIndex = 1; lastKnownFileType = text.xcconfig; name = "Pods-Arquiteturas.debug.xcconfig"; path = "Target Support Files/Pods-Arquiteturas/Pods-Arquiteturas.debug.xcconfig"; sourceTree = "<group>"; };
		FA01C26E2A3957CD00B48B4F /* Arquiteturas.app */ = {isa = PBXFileReference; explicitFileType = wrapper.application; includeInIndex = 0; path = Arquiteturas.app; sourceTree = BUILT_PRODUCTS_DIR; };
		FA01C2712A3957CD00B48B4F /* AppDelegate.swift */ = {isa = PBXFileReference; lastKnownFileType = sourcecode.swift; path = AppDelegate.swift; sourceTree = "<group>"; };
		FA01C2732A3957CD00B48B4F /* SceneDelegate.swift */ = {isa = PBXFileReference; lastKnownFileType = sourcecode.swift; path = SceneDelegate.swift; sourceTree = "<group>"; };
		FA01C2752A3957CD00B48B4F /* ViewController.swift */ = {isa = PBXFileReference; lastKnownFileType = sourcecode.swift; path = ViewController.swift; sourceTree = "<group>"; };
		FA01C2782A3957CD00B48B4F /* Base */ = {isa = PBXFileReference; lastKnownFileType = file.storyboard; name = Base; path = Base.lproj/Main.storyboard; sourceTree = "<group>"; };
		FA01C27A2A3957CE00B48B4F /* Assets.xcassets */ = {isa = PBXFileReference; lastKnownFileType = folder.assetcatalog; path = Assets.xcassets; sourceTree = "<group>"; };
		FA01C27D2A3957CE00B48B4F /* Base */ = {isa = PBXFileReference; lastKnownFileType = file.storyboard; name = Base; path = Base.lproj/LaunchScreen.storyboard; sourceTree = "<group>"; };
		FA01C27F2A3957CE00B48B4F /* Info.plist */ = {isa = PBXFileReference; lastKnownFileType = text.plist.xml; path = Info.plist; sourceTree = "<group>"; };
		FA8E2CC92A4F550D0064F997 /* Constants.swif.swift */ = {isa = PBXFileReference; lastKnownFileType = sourcecode.swift; path = Constants.swif.swift; sourceTree = "<group>"; };
		FA8E2CCB2A521B880064F997 /* UserBusiness.swift */ = {isa = PBXFileReference; lastKnownFileType = sourcecode.swift; path = UserBusiness.swift; sourceTree = "<group>"; };
		FAAC66392A536242006B4B4C /* UserManager.swift */ = {isa = PBXFileReference; lastKnownFileType = sourcecode.swift; path = UserManager.swift; sourceTree = "<group>"; };
		FAB54D6D2A428EC100D43EC2 /* UserProvider.swift */ = {isa = PBXFileReference; lastKnownFileType = sourcecode.swift; path = UserProvider.swift; sourceTree = "<group>"; };
		FAB54D702A428FA000D43EC2 /* UserModel.swift */ = {isa = PBXFileReference; lastKnownFileType = sourcecode.swift; path = UserModel.swift; sourceTree = "<group>"; };
/* End PBXFileReference section */

/* Begin PBXFrameworksBuildPhase section */
		FA01C26B2A3957CD00B48B4F /* Frameworks */ = {
			isa = PBXFrameworksBuildPhase;
			buildActionMask = 2147483647;
			files = (
				9A406D8977C021921D8581D5 /* Pods_Arquiteturas.framework in Frameworks */,
			);
			runOnlyForDeploymentPostprocessing = 0;
		};
/* End PBXFrameworksBuildPhase section */

/* Begin PBXGroup section */
		39741FCCA044909976BD5AE4 /* Pods */ = {
			isa = PBXGroup;
			children = (
				8353827F663FA8EDDB28E848 /* Pods-Arquiteturas.debug.xcconfig */,
				3FA11649F3B47EEDC0DC67A5 /* Pods-Arquiteturas.release.xcconfig */,
			);
			path = Pods;
			sourceTree = "<group>";
		};
		5E22E5122E089193761F3B73 /* Frameworks */ = {
			isa = PBXGroup;
			children = (
				1B562390D2CB0AD3A6D71C63 /* Pods_Arquiteturas.framework */,
			);
			name = Frameworks;
			sourceTree = "<group>";
		};
		FA01C2652A3957CD00B48B4F = {
			isa = PBXGroup;
			children = (
				FA01C2702A3957CD00B48B4F /* Arquiteturas */,
				FA01C26F2A3957CD00B48B4F /* Products */,
				39741FCCA044909976BD5AE4 /* Pods */,
				5E22E5122E089193761F3B73 /* Frameworks */,
			);
			sourceTree = "<group>";
		};
		FA01C26F2A3957CD00B48B4F /* Products */ = {
			isa = PBXGroup;
			children = (
				FA01C26E2A3957CD00B48B4F /* Arquiteturas.app */,
			);
			name = Products;
			sourceTree = "<group>";
		};
		FA01C2702A3957CD00B48B4F /* Arquiteturas */ = {
			isa = PBXGroup;
			children = (
				FA8E2CC82A4F548E0064F997 /* Infrastructure */,
				FAB54D6C2A42877700D43EC2 /* Source */,
				FAB54D682A40A01F00D43EC2 /* API */,
				FA01C27F2A3957CE00B48B4F /* Info.plist */,
			);
			path = Arquiteturas;
			sourceTree = "<group>";
		};
		FA8E2CC82A4F548E0064F997 /* Infrastructure */ = {
			isa = PBXGroup;
			children = (
				FA8E2CC92A4F550D0064F997 /* Constants.swif.swift */,
			);
			path = Infrastructure;
			sourceTree = "<group>";
		};
		FAB54D682A40A01F00D43EC2 /* API */ = {
			isa = PBXGroup;
			children = (
				FAB54D6F2A428F7000D43EC2 /* Model */,
				FAB54D6B2A40A04E00D43EC2 /* Provider */,
				FAB54D6A2A40A04900D43EC2 /* Manager */,
				FAB54D692A40A04500D43EC2 /* Business */,
			);
			path = API;
			sourceTree = "<group>";
		};
		FAB54D692A40A04500D43EC2 /* Business */ = {
			isa = PBXGroup;
			children = (
				FA8E2CCB2A521B880064F997 /* UserBusiness.swift */,
			);
			path = Business;
			sourceTree = "<group>";
		};
		FAB54D6A2A40A04900D43EC2 /* Manager */ = {
			isa = PBXGroup;
			children = (
				FAAC66392A536242006B4B4C /* UserManager.swift */,
			);
			path = Manager;
			sourceTree = "<group>";
		};
		FAB54D6B2A40A04E00D43EC2 /* Provider */ = {
			isa = PBXGroup;
			children = (
				FAB54D6D2A428EC100D43EC2 /* UserProvider.swift */,
			);
			path = Provider;
			sourceTree = "<group>";
		};
		FAB54D6C2A42877700D43EC2 /* Source */ = {
			isa = PBXGroup;
			children = (
				FA01C2712A3957CD00B48B4F /* AppDelegate.swift */,
				FA01C2732A3957CD00B48B4F /* SceneDelegate.swift */,
				FA01C2752A3957CD00B48B4F /* ViewController.swift */,
				FA01C2772A3957CD00B48B4F /* Main.storyboard */,
				FA01C27A2A3957CE00B48B4F /* Assets.xcassets */,
				FA01C27C2A3957CE00B48B4F /* LaunchScreen.storyboard */,
			);
			path = Source;
			sourceTree = "<group>";
		};
		FAB54D6F2A428F7000D43EC2 /* Model */ = {
			isa = PBXGroup;
			children = (
				FAB54D702A428FA000D43EC2 /* UserModel.swift */,
			);
			path = Model;
			sourceTree = "<group>";
		};
/* End PBXGroup section */

/* Begin PBXNativeTarget section */
		FA01C26D2A3957CD00B48B4F /* Arquiteturas */ = {
			isa = PBXNativeTarget;
			buildConfigurationList = FA01C2822A3957CE00B48B4F /* Build configuration list for PBXNativeTarget "Arquiteturas" */;
			buildPhases = (
				9ABBE56BBFE4B92AB5F12AD2 /* [CP] Check Pods Manifest.lock */,
				FA01C26A2A3957CD00B48B4F /* Sources */,
				FA01C26B2A3957CD00B48B4F /* Frameworks */,
				FA01C26C2A3957CD00B48B4F /* Resources */,
				3A0219BC9048E7E36C00FF94 /* [CP] Embed Pods Frameworks */,
			);
			buildRules = (
			);
			dependencies = (
			);
			name = Arquiteturas;
			productName = Arquiteturas;
			productReference = FA01C26E2A3957CD00B48B4F /* Arquiteturas.app */;
			productType = "com.apple.product-type.application";
		};
/* End PBXNativeTarget section */

/* Begin PBXProject section */
		FA01C2662A3957CD00B48B4F /* Project object */ = {
			isa = PBXProject;
			attributes = {
				BuildIndependentTargetsInParallel = 1;
				LastSwiftUpdateCheck = 1420;
				LastUpgradeCheck = 1420;
				TargetAttributes = {
					FA01C26D2A3957CD00B48B4F = {
						CreatedOnToolsVersion = 14.2;
					};
				};
			};
			buildConfigurationList = FA01C2692A3957CD00B48B4F /* Build configuration list for PBXProject "Arquiteturas" */;
			compatibilityVersion = "Xcode 14.0";
			developmentRegion = en;
			hasScannedForEncodings = 0;
			knownRegions = (
				en,
				Base,
			);
			mainGroup = FA01C2652A3957CD00B48B4F;
			productRefGroup = FA01C26F2A3957CD00B48B4F /* Products */;
			projectDirPath = "";
			projectRoot = "";
			targets = (
				FA01C26D2A3957CD00B48B4F /* Arquiteturas */,
			);
		};
/* End PBXProject section */

/* Begin PBXResourcesBuildPhase section */
		FA01C26C2A3957CD00B48B4F /* Resources */ = {
			isa = PBXResourcesBuildPhase;
			buildActionMask = 2147483647;
			files = (
				FA01C27E2A3957CE00B48B4F /* LaunchScreen.storyboard in Resources */,
				FA01C27B2A3957CE00B48B4F /* Assets.xcassets in Resources */,
				FA01C2792A3957CD00B48B4F /* Main.storyboard in Resources */,
			);
			runOnlyForDeploymentPostprocessing = 0;
		};
/* End PBXResourcesBuildPhase section */

/* Begin PBXShellScriptBuildPhase section */
		3A0219BC9048E7E36C00FF94 /* [CP] Embed Pods Frameworks */ = {
			isa = PBXShellScriptBuildPhase;
			buildActionMask = 2147483647;
			files = (
			);
			inputFileListPaths = (
				"${PODS_ROOT}/Target Support Files/Pods-Arquiteturas/Pods-Arquiteturas-frameworks-${CONFIGURATION}-input-files.xcfilelist",
			);
			name = "[CP] Embed Pods Frameworks";
			outputFileListPaths = (
				"${PODS_ROOT}/Target Support Files/Pods-Arquiteturas/Pods-Arquiteturas-frameworks-${CONFIGURATION}-output-files.xcfilelist",
			);
			runOnlyForDeploymentPostprocessing = 0;
			shellPath = /bin/sh;
			shellScript = "\"${PODS_ROOT}/Target Support Files/Pods-Arquiteturas/Pods-Arquiteturas-frameworks.sh\"\n";
			showEnvVarsInLog = 0;
		};
		9ABBE56BBFE4B92AB5F12AD2 /* [CP] Check Pods Manifest.lock */ = {
			isa = PBXShellScriptBuildPhase;
			buildActionMask = 2147483647;
			files = (
			);
			inputFileListPaths = (
			);
			inputPaths = (
				"${PODS_PODFILE_DIR_PATH}/Podfile.lock",
				"${PODS_ROOT}/Manifest.lock",
			);
			name = "[CP] Check Pods Manifest.lock";
			outputFileListPaths = (
			);
			outputPaths = (
				"$(DERIVED_FILE_DIR)/Pods-Arquiteturas-checkManifestLockResult.txt",
			);
			runOnlyForDeploymentPostprocessing = 0;
			shellPath = /bin/sh;
			shellScript = "diff \"${PODS_PODFILE_DIR_PATH}/Podfile.lock\" \"${PODS_ROOT}/Manifest.lock\" > /dev/null\nif [ $? != 0 ] ; then\n    # print error to STDERR\n    echo \"error: The sandbox is not in sync with the Podfile.lock. Run 'pod install' or update your CocoaPods installation.\" >&2\n    exit 1\nfi\n# This output is used by Xcode 'outputs' to avoid re-running this script phase.\necho \"SUCCESS\" > \"${SCRIPT_OUTPUT_FILE_0}\"\n";
			showEnvVarsInLog = 0;
		};
/* End PBXShellScriptBuildPhase section */

/* Begin PBXSourcesBuildPhase section */
		FA01C26A2A3957CD00B48B4F /* Sources */ = {
			isa = PBXSourcesBuildPhase;
			buildActionMask = 2147483647;
			files = (
				FA01C2762A3957CD00B48B4F /* ViewController.swift in Sources */,
				FAB54D6E2A428EC100D43EC2 /* UserProvider.swift in Sources */,
				FA01C2722A3957CD00B48B4F /* AppDelegate.swift in Sources */,
				FAB54D712A428FA000D43EC2 /* UserModel.swift in Sources */,
				FA01C2742A3957CD00B48B4F /* SceneDelegate.swift in Sources */,
				FA8E2CCA2A4F550D0064F997 /* Constants.swif.swift in Sources */,
				FAAC663A2A536242006B4B4C /* UserManager.swift in Sources */,
				FA8E2CCC2A521B880064F997 /* UserBusiness.swift in Sources */,
			);
			runOnlyForDeploymentPostprocessing = 0;
		};
/* End PBXSourcesBuildPhase section */

/* Begin PBXVariantGroup section */
		FA01C2772A3957CD00B48B4F /* Main.storyboard */ = {
			isa = PBXVariantGroup;
			children = (
				FA01C2782A3957CD00B48B4F /* Base */,
			);
			name = Main.storyboard;
			sourceTree = "<group>";
		};
		FA01C27C2A3957CE00B48B4F /* LaunchScreen.storyboard */ = {
			isa = PBXVariantGroup;
			children = (
				FA01C27D2A3957CE00B48B4F /* Base */,
			);
			name = LaunchScreen.storyboard;
			sourceTree = "<group>";
		};
/* End PBXVariantGroup section */

/* Begin XCBuildConfiguration section */
		FA01C2802A3957CE00B48B4F /* Debug */ = {
			isa = XCBuildConfiguration;
			buildSettings = {
				ALWAYS_SEARCH_USER_PATHS = NO;
				CLANG_ANALYZER_NONNULL = YES;
				CLANG_ANALYZER_NUMBER_OBJECT_CONVERSION = YES_AGGRESSIVE;
				CLANG_CXX_LANGUAGE_STANDARD = "gnu++20";
				CLANG_ENABLE_MODULES = YES;
				CLANG_ENABLE_OBJC_ARC = YES;
				CLANG_ENABLE_OBJC_WEAK = YES;
				CLANG_WARN_BLOCK_CAPTURE_AUTORELEASING = YES;
				CLANG_WARN_BOOL_CONVERSION = YES;
				CLANG_WARN_COMMA = YES;
				CLANG_WARN_CONSTANT_CONVERSION = YES;
				CLANG_WARN_DEPRECATED_OBJC_IMPLEMENTATIONS = YES;
				CLANG_WARN_DIRECT_OBJC_ISA_USAGE = YES_ERROR;
				CLANG_WARN_DOCUMENTATION_COMMENTS = YES;
				CLANG_WARN_EMPTY_BODY = YES;
				CLANG_WARN_ENUM_CONVERSION = YES;
				CLANG_WARN_INFINITE_RECURSION = YES;
				CLANG_WARN_INT_CONVERSION = YES;
				CLANG_WARN_NON_LITERAL_NULL_CONVERSION = YES;
				CLANG_WARN_OBJC_IMPLICIT_RETAIN_SELF = YES;
				CLANG_WARN_OBJC_LITERAL_CONVERSION = YES;
				CLANG_WARN_OBJC_ROOT_CLASS = YES_ERROR;
				CLANG_WARN_QUOTED_INCLUDE_IN_FRAMEWORK_HEADER = YES;
				CLANG_WARN_RANGE_LOOP_ANALYSIS = YES;
				CLANG_WARN_STRICT_PROTOTYPES = YES;
				CLANG_WARN_SUSPICIOUS_MOVE = YES;
				CLANG_WARN_UNGUARDED_AVAILABILITY = YES_AGGRESSIVE;
				CLANG_WARN_UNREACHABLE_CODE = YES;
				CLANG_WARN__DUPLICATE_METHOD_MATCH = YES;
				COPY_PHASE_STRIP = NO;
				DEBUG_INFORMATION_FORMAT = dwarf;
				ENABLE_STRICT_OBJC_MSGSEND = YES;
				ENABLE_TESTABILITY = YES;
				GCC_C_LANGUAGE_STANDARD = gnu11;
				GCC_DYNAMIC_NO_PIC = NO;
				GCC_NO_COMMON_BLOCKS = YES;
				GCC_OPTIMIZATION_LEVEL = 0;
				GCC_PREPROCESSOR_DEFINITIONS = (
					"DEBUG=1",
					"$(inherited)",
				);
				GCC_WARN_64_TO_32_BIT_CONVERSION = YES;
				GCC_WARN_ABOUT_RETURN_TYPE = YES_ERROR;
				GCC_WARN_UNDECLARED_SELECTOR = YES;
				GCC_WARN_UNINITIALIZED_AUTOS = YES_AGGRESSIVE;
				GCC_WARN_UNUSED_FUNCTION = YES;
				GCC_WARN_UNUSED_VARIABLE = YES;
				IPHONEOS_DEPLOYMENT_TARGET = 16.2;
				MTL_ENABLE_DEBUG_INFO = INCLUDE_SOURCE;
				MTL_FAST_MATH = YES;
				ONLY_ACTIVE_ARCH = YES;
				SDKROOT = iphoneos;
				SWIFT_ACTIVE_COMPILATION_CONDITIONS = DEBUG;
				SWIFT_OPTIMIZATION_LEVEL = "-Onone";
			};
			name = Debug;
		};
		FA01C2812A3957CE00B48B4F /* Release */ = {
			isa = XCBuildConfiguration;
			buildSettings = {
				ALWAYS_SEARCH_USER_PATHS = NO;
				CLANG_ANALYZER_NONNULL = YES;
				CLANG_ANALYZER_NUMBER_OBJECT_CONVERSION = YES_AGGRESSIVE;
				CLANG_CXX_LANGUAGE_STANDARD = "gnu++20";
				CLANG_ENABLE_MODULES = YES;
				CLANG_ENABLE_OBJC_ARC = YES;
				CLANG_ENABLE_OBJC_WEAK = YES;
				CLANG_WARN_BLOCK_CAPTURE_AUTORELEASING = YES;
				CLANG_WARN_BOOL_CONVERSION = YES;
				CLANG_WARN_COMMA = YES;
				CLANG_WARN_CONSTANT_CONVERSION = YES;
				CLANG_WARN_DEPRECATED_OBJC_IMPLEMENTATIONS = YES;
				CLANG_WARN_DIRECT_OBJC_ISA_USAGE = YES_ERROR;
				CLANG_WARN_DOCUMENTATION_COMMENTS = YES;
				CLANG_WARN_EMPTY_BODY = YES;
				CLANG_WARN_ENUM_CONVERSION = YES;
				CLANG_WARN_INFINITE_RECURSION = YES;
				CLANG_WARN_INT_CONVERSION = YES;
				CLANG_WARN_NON_LITERAL_NULL_CONVERSION = YES;
				CLANG_WARN_OBJC_IMPLICIT_RETAIN_SELF = YES;
				CLANG_WARN_OBJC_LITERAL_CONVERSION = YES;
				CLANG_WARN_OBJC_ROOT_CLASS = YES_ERROR;
				CLANG_WARN_QUOTED_INCLUDE_IN_FRAMEWORK_HEADER = YES;
				CLANG_WARN_RANGE_LOOP_ANALYSIS = YES;
				CLANG_WARN_STRICT_PROTOTYPES = YES;
				CLANG_WARN_SUSPICIOUS_MOVE = YES;
				CLANG_WARN_UNGUARDED_AVAILABILITY = YES_AGGRESSIVE;
				CLANG_WARN_UNREACHABLE_CODE = YES;
				CLANG_WARN__DUPLICATE_METHOD_MATCH = YES;
				COPY_PHASE_STRIP = NO;
				DEBUG_INFORMATION_FORMAT = "dwarf-with-dsym";
				ENABLE_NS_ASSERTIONS = NO;
				ENABLE_STRICT_OBJC_MSGSEND = YES;
				GCC_C_LANGUAGE_STANDARD = gnu11;
				GCC_NO_COMMON_BLOCKS = YES;
				GCC_WARN_64_TO_32_BIT_CONVERSION = YES;
				GCC_WARN_ABOUT_RETURN_TYPE = YES_ERROR;
				GCC_WARN_UNDECLARED_SELECTOR = YES;
				GCC_WARN_UNINITIALIZED_AUTOS = YES_AGGRESSIVE;
				GCC_WARN_UNUSED_FUNCTION = YES;
				GCC_WARN_UNUSED_VARIABLE = YES;
				IPHONEOS_DEPLOYMENT_TARGET = 16.2;
				MTL_ENABLE_DEBUG_INFO = NO;
				MTL_FAST_MATH = YES;
				SDKROOT = iphoneos;
				SWIFT_COMPILATION_MODE = wholemodule;
				SWIFT_OPTIMIZATION_LEVEL = "-O";
				VALIDATE_PRODUCT = YES;
			};
			name = Release;
		};
		FA01C2832A3957CE00B48B4F /* Debug */ = {
			isa = XCBuildConfiguration;
			baseConfigurationReference = 8353827F663FA8EDDB28E848 /* Pods-Arquiteturas.debug.xcconfig */;
			buildSettings = {
				ASSETCATALOG_COMPILER_APPICON_NAME = AppIcon;
				ASSETCATALOG_COMPILER_GLOBAL_ACCENT_COLOR_NAME = AccentColor;
				CODE_SIGN_STYLE = Automatic;
				CURRENT_PROJECT_VERSION = 1;
				DEVELOPMENT_TEAM = P5KDU94YDX;
				GENERATE_INFOPLIST_FILE = YES;
				INFOPLIST_FILE = Arquiteturas/Info.plist;
				INFOPLIST_KEY_UIApplicationSupportsIndirectInputEvents = YES;
				INFOPLIST_KEY_UILaunchStoryboardName = LaunchScreen;
				INFOPLIST_KEY_UIMainStoryboardFile = Main;
				INFOPLIST_KEY_UISupportedInterfaceOrientations_iPad = "UIInterfaceOrientationPortrait UIInterfaceOrientationPortraitUpsideDown UIInterfaceOrientationLandscapeLeft UIInterfaceOrientationLandscapeRight";
				INFOPLIST_KEY_UISupportedInterfaceOrientations_iPhone = "UIInterfaceOrientationPortrait UIInterfaceOrientationLandscapeLeft UIInterfaceOrientationLandscapeRight";
				LD_RUNPATH_SEARCH_PATHS = (
					"$(inherited)",
					"@executable_path/Frameworks",
				);
				MARKETING_VERSION = 1.0;
				PRODUCT_BUNDLE_IDENTIFIER = com.zoren.Arquiteturas;
				PRODUCT_NAME = "$(TARGET_NAME)";
				SWIFT_EMIT_LOC_STRINGS = YES;
				SWIFT_VERSION = 5.0;
				TARGETED_DEVICE_FAMILY = "1,2";
			};
			name = Debug;
		};
		FA01C2842A3957CE00B48B4F /* Release */ = {
			isa = XCBuildConfiguration;
			baseConfigurationReference = 3FA11649F3B47EEDC0DC67A5 /* Pods-Arquiteturas.release.xcconfig */;
			buildSettings = {
				ASSETCATALOG_COMPILER_APPICON_NAME = AppIcon;
				ASSETCATALOG_COMPILER_GLOBAL_ACCENT_COLOR_NAME = AccentColor;
				CODE_SIGN_STYLE = Automatic;
				CURRENT_PROJECT_VERSION = 1;
				DEVELOPMENT_TEAM = P5KDU94YDX;
				GENERATE_INFOPLIST_FILE = YES;
				INFOPLIST_FILE = Arquiteturas/Info.plist;
				INFOPLIST_KEY_UIApplicationSupportsIndirectInputEvents = YES;
				INFOPLIST_KEY_UILaunchStoryboardName = LaunchScreen;
				INFOPLIST_KEY_UIMainStoryboardFile = Main;
				INFOPLIST_KEY_UISupportedInterfaceOrientations_iPad = "UIInterfaceOrientationPortrait UIInterfaceOrientationPortraitUpsideDown UIInterfaceOrientationLandscapeLeft UIInterfaceOrientationLandscapeRight";
				INFOPLIST_KEY_UISupportedInterfaceOrientations_iPhone = "UIInterfaceOrientationPortrait UIInterfaceOrientationLandscapeLeft UIInterfaceOrientationLandscapeRight";
				LD_RUNPATH_SEARCH_PATHS = (
					"$(inherited)",
					"@executable_path/Frameworks",
				);
				MARKETING_VERSION = 1.0;
				PRODUCT_BUNDLE_IDENTIFIER = com.zoren.Arquiteturas;
				PRODUCT_NAME = "$(TARGET_NAME)";
				SWIFT_EMIT_LOC_STRINGS = YES;
				SWIFT_VERSION = 5.0;
				TARGETED_DEVICE_FAMILY = "1,2";
			};
			name = Release;
		};
/* End XCBuildConfiguration section */

/* Begin XCConfigurationList section */
		FA01C2692A3957CD00B48B4F /* Build configuration list for PBXProject "Arquiteturas" */ = {
			isa = XCConfigurationList;
			buildConfigurations = (
				FA01C2802A3957CE00B48B4F /* Debug */,
				FA01C2812A3957CE00B48B4F /* Release */,
			);
			defaultConfigurationIsVisible = 0;
			defaultConfigurationName = Release;
		};
		FA01C2822A3957CE00B48B4F /* Build configuration list for PBXNativeTarget "Arquiteturas" */ = {
			isa = XCConfigurationList;
			buildConfigurations = (
				FA01C2832A3957CE00B48B4F /* Debug */,
				FA01C2842A3957CE00B48B4F /* Release */,
			);
			defaultConfigurationIsVisible = 0;
			defaultConfigurationName = Release;
		};
/* End XCConfigurationList section */
	};
	rootObject = FA01C2662A3957CD00B48B4F /* Project object */;
}
